
Microsoft Visual Studio Solution File, Format Version 12.00
# Visual Studio Version 16
VisualStudioVersion = 16.0.29409.12
MinimumVisualStudioVersion = 10.0.40219.1
Project("{FAE04EC0-301F-11D3-BF4B-00C04F79EFBC}") = "WebMatri", "WebMatri\WebMatri.csproj", "{27230496-AF1E-4D99-8827-4AFEB79080D8}"
EndProject
Global
	GlobalSection(SolutionConfigurationPlatforms) = preSolution
		Debug|Any CPU = Debug|Any CPU
		Release|Any CPU = Release|Any CPU
	EndGlobalSection
	GlobalSection(ProjectConfigurationPlatforms) = postSolution
		{27230496-AF1E-4D99-8827-4AFEB79080D8}.Debug|Any CPU.ActiveCfg = Debug|Any CPU
		{27230496-AF1E-4D99-8827-4AFEB79080D8}.Debug|Any CPU.Build.0 = Debug|Any CPU
		{27230496-AF1E-4D99-8827-4AFEB79080D8}.Release|Any CPU.ActiveCfg = Release|Any CPU
		{27230496-AF1E-4D99-8827-4AFEB79080D8}.Release|Any CPU.Build.0 = Release|Any CPU
	EndGlobalSection
	GlobalSection(SolutionProperties) = preSolution
		HideSolutionNode = FALSE
	EndGlobalSection
	GlobalSection(ExtensibilityGlobals) = postSolution
		SolutionGuid = {F89FEFB2-CE21-40BC-B8E1-9AC1AD275A38}
	EndGlobalSection
EndGlobal
